
Microsoft Visual Studio Solution File, Format Version 12.00
# Visual Studio Version 16
VisualStudioVersion = 16.0.30225.117
MinimumVisualStudioVersion = 10.0.40219.1
Project("{FAE04EC0-301F-11D3-BF4B-00C04F79EFBC}") = "dotnet framework server", "dotnet framework server.csproj", "{063CECA0-EF33-4C8E-BE3D-C8E887DB0608}"
EndProject
Global
	GlobalSection(SolutionConfigurationPlatforms) = preSolution
		Debug|Any CPU = Debug|Any CPU
		Release|Any CPU = Release|Any CPU
	EndGlobalSection
	GlobalSection(ProjectConfigurationPlatforms) = postSolution
		{063CECA0-EF33-4C8E-BE3D-C8E887DB0608}.Debug|Any CPU.ActiveCfg = Debug|Any CPU
		{063CECA0-EF33-4C8E-BE3D-C8E887DB0608}.Debug|Any CPU.Build.0 = Debug|Any CPU
		{063CECA0-EF33-4C8E-BE3D-C8E887DB0608}.Release|Any CPU.ActiveCfg = Release|Any CPU
		{063CECA0-EF33-4C8E-BE3D-C8E887DB0608}.Release|Any CPU.Build.0 = Release|Any CPU
	EndGlobalSection
	GlobalSection(SolutionProperties) = preSolution
		HideSolutionNode = FALSE
	EndGlobalSection
	GlobalSection(ExtensibilityGlobals) = postSolution
		SolutionGuid = {553B30F3-2F17-429A-B9C5-B43A7FDB155E}
	EndGlobalSection
EndGlobal
